
Microsoft Visual Studio Solution File, Format Version 11.00
# Visual Studio 2010
Project("{FAE04EC0-301F-11D3-BF4B-00C04F79EFBC}") = "XMLIndexer", "XMLIndexer\XMLIndexer.csproj", "{A6FD9C6A-67A2-4B3E-86DF-8EB65A245BE4}"
EndProject
Project("{FAE04EC0-301F-11D3-BF4B-00C04F79EFBC}") = "Creator", "Creator\Creator.csproj", "{52566DCE-3A2A-4396-931B-6F9ECB96A414}"
EndProject
Global
	GlobalSection(TeamFoundationVersionControl) = preSolution
		SccNumberOfProjects = 3
		SccEnterpriseProvider = {4CA58AB2-18FA-4F8D-95D4-32DDF27D184C}
		SccTeamFoundationServer = http://tfs.tellus.vannelle.local:8080/tfs/sellus
		SccLocalPath0 = .
		SccProjectUniqueName1 = Creator\\Creator.csproj
		SccProjectName1 = Creator
		SccLocalPath1 = Creator
		SccProjectUniqueName2 = XMLIndexer\\XMLIndexer.csproj
		SccProjectName2 = XMLIndexer
		SccLocalPath2 = XMLIndexer
	EndGlobalSection
	GlobalSection(SolutionConfigurationPlatforms) = preSolution
		Debug|x86 = Debug|x86
		Release|x86 = Release|x86
	EndGlobalSection
	GlobalSection(ProjectConfigurationPlatforms) = postSolution
		{A6FD9C6A-67A2-4B3E-86DF-8EB65A245BE4}.Debug|x86.ActiveCfg = Debug|x86
		{A6FD9C6A-67A2-4B3E-86DF-8EB65A245BE4}.Debug|x86.Build.0 = Debug|x86
		{A6FD9C6A-67A2-4B3E-86DF-8EB65A245BE4}.Release|x86.ActiveCfg = Release|x86
		{A6FD9C6A-67A2-4B3E-86DF-8EB65A245BE4}.Release|x86.Build.0 = Release|x86
		{52566DCE-3A2A-4396-931B-6F9ECB96A414}.Debug|x86.ActiveCfg = Debug|x86
		{52566DCE-3A2A-4396-931B-6F9ECB96A414}.Debug|x86.Build.0 = Debug|x86
		{52566DCE-3A2A-4396-931B-6F9ECB96A414}.Release|x86.ActiveCfg = Release|x86
		{52566DCE-3A2A-4396-931B-6F9ECB96A414}.Release|x86.Build.0 = Release|x86
	EndGlobalSection
	GlobalSection(SolutionProperties) = preSolution
		HideSolutionNode = FALSE
	EndGlobalSection
EndGlobal
